
Microsoft Visual Studio Solution File, Format Version 12.00
# Visual Studio Version 16
VisualStudioVersion = 16.0.29509.3
MinimumVisualStudioVersion = 10.0.40219.1
Project("{FAE04EC0-301F-11D3-BF4B-00C04F79EFBC}") = "SystemBugsBackend", "SystemBugsBackend\SystemBugsBackend.csproj", "{3158A15A-EED8-4C1D-8486-21F657EA734C}"
EndProject
Project("{FAE04EC0-301F-11D3-BF4B-00C04F79EFBC}") = "Domain", "Domain\Domain.csproj", "{090A8703-860C-405E-AA68-BCC4C6F907DE}"
EndProject
Project("{FAE04EC0-301F-11D3-BF4B-00C04F79EFBC}") = "DbAccess", "DbAccess\DbAccess.csproj", "{FB6FA45C-C24D-4C94-904B-F7D56F6CCFEA}"
EndProject
Global
	GlobalSection(SolutionConfigurationPlatforms) = preSolution
		Debug|Any CPU = Debug|Any CPU
		Release|Any CPU = Release|Any CPU
	EndGlobalSection
	GlobalSection(ProjectConfigurationPlatforms) = postSolution
		{3158A15A-EED8-4C1D-8486-21F657EA734C}.Debug|Any CPU.ActiveCfg = Debug|Any CPU
		{3158A15A-EED8-4C1D-8486-21F657EA734C}.Debug|Any CPU.Build.0 = Debug|Any CPU
		{3158A15A-EED8-4C1D-8486-21F657EA734C}.Release|Any CPU.ActiveCfg = Release|Any CPU
		{3158A15A-EED8-4C1D-8486-21F657EA734C}.Release|Any CPU.Build.0 = Release|Any CPU
		{090A8703-860C-405E-AA68-BCC4C6F907DE}.Debug|Any CPU.ActiveCfg = Debug|Any CPU
		{090A8703-860C-405E-AA68-BCC4C6F907DE}.Debug|Any CPU.Build.0 = Debug|Any CPU
		{090A8703-860C-405E-AA68-BCC4C6F907DE}.Release|Any CPU.ActiveCfg = Release|Any CPU
		{090A8703-860C-405E-AA68-BCC4C6F907DE}.Release|Any CPU.Build.0 = Release|Any CPU
		{FB6FA45C-C24D-4C94-904B-F7D56F6CCFEA}.Debug|Any CPU.ActiveCfg = Debug|Any CPU
		{FB6FA45C-C24D-4C94-904B-F7D56F6CCFEA}.Debug|Any CPU.Build.0 = Debug|Any CPU
		{FB6FA45C-C24D-4C94-904B-F7D56F6CCFEA}.Release|Any CPU.ActiveCfg = Release|Any CPU
		{FB6FA45C-C24D-4C94-904B-F7D56F6CCFEA}.Release|Any CPU.Build.0 = Release|Any CPU
	EndGlobalSection
	GlobalSection(SolutionProperties) = preSolution
		HideSolutionNode = FALSE
	EndGlobalSection
	GlobalSection(ExtensibilityGlobals) = postSolution
		SolutionGuid = {D529EC73-0D94-4E8C-9DEF-3F9BC16746D5}
	EndGlobalSection
EndGlobal
